
Microsoft Visual Studio Solution File, Format Version 12.00
Project("{FAE04EC0-301F-11D3-BF4B-00C04F79EFBC}") = "Client", "Client\Client.csproj", "{CCDA6B6A-2EE7-4D4F-9107-FE84208DE7C1}"
EndProject
Global
	GlobalSection(SolutionConfigurationPlatforms) = preSolution
		Debug|Any CPU = Debug|Any CPU
		Release|Any CPU = Release|Any CPU
	EndGlobalSection
	GlobalSection(ProjectConfigurationPlatforms) = postSolution
		{CCDA6B6A-2EE7-4D4F-9107-FE84208DE7C1}.Debug|Any CPU.ActiveCfg = Debug|Any CPU
		{CCDA6B6A-2EE7-4D4F-9107-FE84208DE7C1}.Debug|Any CPU.Build.0 = Debug|Any CPU
		{CCDA6B6A-2EE7-4D4F-9107-FE84208DE7C1}.Release|Any CPU.ActiveCfg = Release|Any CPU
		{CCDA6B6A-2EE7-4D4F-9107-FE84208DE7C1}.Release|Any CPU.Build.0 = Release|Any CPU
	EndGlobalSection
EndGlobal
